
Microsoft Visual Studio Solution File, Format Version 12.00
Project("{FAE04EC0-301F-11D3-BF4B-00C04F79EFBC}") = "LeetCodeSolutions", "LeetCodeSolutions\LeetCodeSolutions.csproj", "{42A33D14-9D7F-4DE5-A4A4-BCF89F8E6516}"
EndProject
Project("{FAE04EC0-301F-11D3-BF4B-00C04F79EFBC}") = "LeetCodeSolutions.Tests", "LeetCodeSolutions.Tests\LeetCodeSolutions.Tests.csproj", "{E73499D0-E045-449F-8A04-67B0A44D5969}"
EndProject
Global
	GlobalSection(SolutionConfigurationPlatforms) = preSolution
		Debug|Any CPU = Debug|Any CPU
		Release|Any CPU = Release|Any CPU
	EndGlobalSection
	GlobalSection(ProjectConfigurationPlatforms) = postSolution
		{42A33D14-9D7F-4DE5-A4A4-BCF89F8E6516}.Debug|Any CPU.ActiveCfg = Debug|Any CPU
		{42A33D14-9D7F-4DE5-A4A4-BCF89F8E6516}.Debug|Any CPU.Build.0 = Debug|Any CPU
		{42A33D14-9D7F-4DE5-A4A4-BCF89F8E6516}.Release|Any CPU.ActiveCfg = Release|Any CPU
		{42A33D14-9D7F-4DE5-A4A4-BCF89F8E6516}.Release|Any CPU.Build.0 = Release|Any CPU
		{E73499D0-E045-449F-8A04-67B0A44D5969}.Debug|Any CPU.ActiveCfg = Debug|Any CPU
		{E73499D0-E045-449F-8A04-67B0A44D5969}.Debug|Any CPU.Build.0 = Debug|Any CPU
		{E73499D0-E045-449F-8A04-67B0A44D5969}.Release|Any CPU.ActiveCfg = Release|Any CPU
		{E73499D0-E045-449F-8A04-67B0A44D5969}.Release|Any CPU.Build.0 = Release|Any CPU
	EndGlobalSection
EndGlobal
